
Microsoft Visual Studio Solution File, Format Version 12.00
# Visual Studio 15
VisualStudioVersion = 15.0.26430.16
MinimumVisualStudioVersion = 10.0.40219.1
Project("{D954291E-2A0B-460D-934E-DC6B0785DB48}") = "eventizr", "eventizr\eventizr\eventizr.shproj", "{0AD9DB65-432D-4E0E-9A4F-B7E2C0CC6AC6}"
EndProject
Project("{FAE04EC0-301F-11D3-BF4B-00C04F79EFBC}") = "eventizr.Android", "eventizr\eventizr.Android\eventizr.Android.csproj", "{65A36F99-70ED-4D57-873E-D2DD21DB2D72}"
EndProject
Project("{FAE04EC0-301F-11D3-BF4B-00C04F79EFBC}") = "eventizr.iOS", "eventizr\eventizr.iOS\eventizr.iOS.csproj", "{ED92A87C-0BA0-4454-A95E-0D2384EFBBE1}"
EndProject
Project("{FAE04EC0-301F-11D3-BF4B-00C04F79EFBC}") = "eventizr.UWP", "eventizr\eventizr.UWP\eventizr.UWP.csproj", "{8265F558-03A5-4723-A568-01C1EC14F911}"
EndProject
Global
	GlobalSection(SharedMSBuildProjectFiles) = preSolution
		eventizr\eventizr\eventizr.projitems*{0ad9db65-432d-4e0e-9a4f-b7e2c0cc6ac6}*SharedItemsImports = 13
		eventizr\eventizr\eventizr.projitems*{65a36f99-70ed-4d57-873e-d2dd21db2d72}*SharedItemsImports = 4
		eventizr\eventizr\eventizr.projitems*{8265f558-03a5-4723-a568-01c1ec14f911}*SharedItemsImports = 4
		eventizr\eventizr\eventizr.projitems*{ed92a87c-0ba0-4454-a95e-0d2384efbbe1}*SharedItemsImports = 4
	EndGlobalSection
	GlobalSection(SolutionConfigurationPlatforms) = preSolution
		Ad-Hoc|Any CPU = Ad-Hoc|Any CPU
		Ad-Hoc|ARM = Ad-Hoc|ARM
		Ad-Hoc|iPhone = Ad-Hoc|iPhone
		Ad-Hoc|iPhoneSimulator = Ad-Hoc|iPhoneSimulator
		Ad-Hoc|x64 = Ad-Hoc|x64
		Ad-Hoc|x86 = Ad-Hoc|x86
		AppStore|Any CPU = AppStore|Any CPU
		AppStore|ARM = AppStore|ARM
		AppStore|iPhone = AppStore|iPhone
		AppStore|iPhoneSimulator = AppStore|iPhoneSimulator
		AppStore|x64 = AppStore|x64
		AppStore|x86 = AppStore|x86
		Debug|Any CPU = Debug|Any CPU
		Debug|ARM = Debug|ARM
		Debug|iPhone = Debug|iPhone
		Debug|iPhoneSimulator = Debug|iPhoneSimulator
		Debug|x64 = Debug|x64
		Debug|x86 = Debug|x86
		Release|Any CPU = Release|Any CPU
		Release|ARM = Release|ARM
		Release|iPhone = Release|iPhone
		Release|iPhoneSimulator = Release|iPhoneSimulator
		Release|x64 = Release|x64
		Release|x86 = Release|x86
	EndGlobalSection
	GlobalSection(ProjectConfigurationPlatforms) = postSolution
		{65A36F99-70ED-4D57-873E-D2DD21DB2D72}.Ad-Hoc|Any CPU.ActiveCfg = Release|Any CPU
		{65A36F99-70ED-4D57-873E-D2DD21DB2D72}.Ad-Hoc|Any CPU.Deploy.0 = Release|Any CPU
		{65A36F99-70ED-4D57-873E-D2DD21DB2D72}.Ad-Hoc|ARM.ActiveCfg = Release|Any CPU
		{65A36F99-70ED-4D57-873E-D2DD21DB2D72}.Ad-Hoc|ARM.Build.0 = Release|Any CPU
		{65A36F99-70ED-4D57-873E-D2DD21DB2D72}.Ad-Hoc|ARM.Deploy.0 = Release|Any CPU
		{65A36F99-70ED-4D57-873E-D2DD21DB2D72}.Ad-Hoc|iPhone.ActiveCfg = Release|Any CPU
		{65A36F99-70ED-4D57-873E-D2DD21DB2D72}.Ad-Hoc|iPhone.Build.0 = Release|Any CPU
		{65A36F99-70ED-4D57-873E-D2DD21DB2D72}.Ad-Hoc|iPhone.Deploy.0 = Release|Any CPU
		{65A36F99-70ED-4D57-873E-D2DD21DB2D72}.Ad-Hoc|iPhoneSimulator.ActiveCfg = Release|Any CPU
		{65A36F99-70ED-4D57-873E-D2DD21DB2D72}.Ad-Hoc|iPhoneSimulator.Build.0 = Release|Any CPU
		{65A36F99-70ED-4D57-873E-D2DD21DB2D72}.Ad-Hoc|iPhoneSimulator.Deploy.0 = Release|Any CPU
		{65A36F99-70ED-4D57-873E-D2DD21DB2D72}.Ad-Hoc|x64.ActiveCfg = Release|Any CPU
		{65A36F99-70ED-4D57-873E-D2DD21DB2D72}.Ad-Hoc|x64.Build.0 = Release|Any CPU
		{65A36F99-70ED-4D57-873E-D2DD21DB2D72}.Ad-Hoc|x64.Deploy.0 = Release|Any CPU
		{65A36F99-70ED-4D57-873E-D2DD21DB2D72}.Ad-Hoc|x86.ActiveCfg = Release|Any CPU
		{65A36F99-70ED-4D57-873E-D2DD21DB2D72}.Ad-Hoc|x86.Build.0 = Release|Any CPU
		{65A36F99-70ED-4D57-873E-D2DD21DB2D72}.Ad-Hoc|x86.Deploy.0 = Release|Any CPU
		{65A36F99-70ED-4D57-873E-D2DD21DB2D72}.AppStore|Any CPU.ActiveCfg = Release|Any CPU
		{65A36F99-70ED-4D57-873E-D2DD21DB2D72}.AppStore|Any CPU.Build.0 = Release|Any CPU
		{65A36F99-70ED-4D57-873E-D2DD21DB2D72}.AppStore|Any CPU.Deploy.0 = Release|Any CPU
		{65A36F99-70ED-4D57-873E-D2DD21DB2D72}.AppStore|ARM.ActiveCfg = Release|Any CPU
		{65A36F99-70ED-4D57-873E-D2DD21DB2D72}.AppStore|ARM.Build.0 = Release|Any CPU
		{65A36F99-70ED-4D57-873E-D2DD21DB2D72}.AppStore|ARM.Deploy.0 = Release|Any CPU
		{65A36F99-70ED-4D57-873E-D2DD21DB2D72}.AppStore|iPhone.ActiveCfg = Release|Any CPU
		{65A36F99-70ED-4D57-873E-D2DD21DB2D72}.AppStore|iPhone.Build.0 = Release|Any CPU
		{65A36F99-70ED-4D57-873E-D2DD21DB2D72}.AppStore|iPhone.Deploy.0 = Release|Any CPU
		{65A36F99-70ED-4D57-873E-D2DD21DB2D72}.AppStore|iPhoneSimulator.ActiveCfg = Release|Any CPU
		{65A36F99-70ED-4D57-873E-D2DD21DB2D72}.AppStore|iPhoneSimulator.Build.0 = Release|Any CPU
		{65A36F99-70ED-4D57-873E-D2DD21DB2D72}.AppStore|iPhoneSimulator.Deploy.0 = Release|Any CPU
		{65A36F99-70ED-4D57-873E-D2DD21DB2D72}.AppStore|x64.ActiveCfg = Release|Any CPU
		{65A36F99-70ED-4D57-873E-D2DD21DB2D72}.AppStore|x64.Build.0 = Release|Any CPU
		{65A36F99-70ED-4D57-873E-D2DD21DB2D72}.AppStore|x64.Deploy.0 = Release|Any CPU
		{65A36F99-70ED-4D57-873E-D2DD21DB2D72}.AppStore|x86.ActiveCfg = Release|Any CPU
		{65A36F99-70ED-4D57-873E-D2DD21DB2D72}.AppStore|x86.Build.0 = Release|Any CPU
		{65A36F99-70ED-4D57-873E-D2DD21DB2D72}.AppStore|x86.Deploy.0 = Release|Any CPU
		{65A36F99-70ED-4D57-873E-D2DD21DB2D72}.Debug|Any CPU.ActiveCfg = Debug|Any CPU
		{65A36F99-70ED-4D57-873E-D2DD21DB2D72}.Debug|Any CPU.Build.0 = Debug|Any CPU
		{65A36F99-70ED-4D57-873E-D2DD21DB2D72}.Debug|Any CPU.Deploy.0 = Debug|Any CPU
		{65A36F99-70ED-4D57-873E-D2DD21DB2D72}.Debug|ARM.ActiveCfg = Debug|Any CPU
		{65A36F99-70ED-4D57-873E-D2DD21DB2D72}.Debug|ARM.Build.0 = Debug|Any CPU
		{65A36F99-70ED-4D57-873E-D2DD21DB2D72}.Debug|ARM.Deploy.0 = Debug|Any CPU
		{65A36F99-70ED-4D57-873E-D2DD21DB2D72}.Debug|iPhone.ActiveCfg = Debug|Any CPU
		{65A36F99-70ED-4D57-873E-D2DD21DB2D72}.Debug|iPhone.Build.0 = Debug|Any CPU
		{65A36F99-70ED-4D57-873E-D2DD21DB2D72}.Debug|iPhone.Deploy.0 = Debug|Any CPU
		{65A36F99-70ED-4D57-873E-D2DD21DB2D72}.Debug|iPhoneSimulator.ActiveCfg = Debug|Any CPU
		{65A36F99-70ED-4D57-873E-D2DD21DB2D72}.Debug|iPhoneSimulator.Build.0 = Debug|Any CPU
		{65A36F99-70ED-4D57-873E-D2DD21DB2D72}.Debug|iPhoneSimulator.Deploy.0 = Debug|Any CPU
		{65A36F99-70ED-4D57-873E-D2DD21DB2D72}.Debug|x64.ActiveCfg = Debug|Any CPU
		{65A36F99-70ED-4D57-873E-D2DD21DB2D72}.Debug|x64.Build.0 = Debug|Any CPU
		{65A36F99-70ED-4D57-873E-D2DD21DB2D72}.Debug|x64.Deploy.0 = Debug|Any CPU
		{65A36F99-70ED-4D57-873E-D2DD21DB2D72}.Debug|x86.ActiveCfg = Debug|Any CPU
		{65A36F99-70ED-4D57-873E-D2DD21DB2D72}.Debug|x86.Build.0 = Debug|Any CPU
		{65A36F99-70ED-4D57-873E-D2DD21DB2D72}.Debug|x86.Deploy.0 = Debug|Any CPU
		{65A36F99-70ED-4D57-873E-D2DD21DB2D72}.Release|Any CPU.ActiveCfg = Release|Any CPU
		{65A36F99-70ED-4D57-873E-D2DD21DB2D72}.Release|Any CPU.Deploy.0 = Release|Any CPU
		{65A36F99-70ED-4D57-873E-D2DD21DB2D72}.Release|ARM.ActiveCfg = Release|Any CPU
		{65A36F99-70ED-4D57-873E-D2DD21DB2D72}.Release|ARM.Build.0 = Release|Any CPU
		{65A36F99-70ED-4D57-873E-D2DD21DB2D72}.Release|ARM.Deploy.0 = Release|Any CPU
		{65A36F99-70ED-4D57-873E-D2DD21DB2D72}.Release|iPhone.ActiveCfg = Release|Any CPU
		{65A36F99-70ED-4D57-873E-D2DD21DB2D72}.Release|iPhone.Build.0 = Release|Any CPU
		{65A36F99-70ED-4D57-873E-D2DD21DB2D72}.Release|iPhone.Deploy.0 = Release|Any CPU
		{65A36F99-70ED-4D57-873E-D2DD21DB2D72}.Release|iPhoneSimulator.ActiveCfg = Release|Any CPU
		{65A36F99-70ED-4D57-873E-D2DD21DB2D72}.Release|iPhoneSimulator.Build.0 = Release|Any CPU
		{65A36F99-70ED-4D57-873E-D2DD21DB2D72}.Release|iPhoneSimulator.Deploy.0 = Release|Any CPU
		{65A36F99-70ED-4D57-873E-D2DD21DB2D72}.Release|x64.ActiveCfg = Release|Any CPU
		{65A36F99-70ED-4D57-873E-D2DD21DB2D72}.Release|x64.Build.0 = Release|Any CPU
		{65A36F99-70ED-4D57-873E-D2DD21DB2D72}.Release|x64.Deploy.0 = Release|Any CPU
		{65A36F99-70ED-4D57-873E-D2DD21DB2D72}.Release|x86.ActiveCfg = Release|Any CPU
		{65A36F99-70ED-4D57-873E-D2DD21DB2D72}.Release|x86.Build.0 = Release|Any CPU
		{65A36F99-70ED-4D57-873E-D2DD21DB2D72}.Release|x86.Deploy.0 = Release|Any CPU
		{ED92A87C-0BA0-4454-A95E-0D2384EFBBE1}.Ad-Hoc|Any CPU.ActiveCfg = Ad-Hoc|iPhone
		{ED92A87C-0BA0-4454-A95E-0D2384EFBBE1}.Ad-Hoc|ARM.ActiveCfg = Ad-Hoc|iPhone
		{ED92A87C-0BA0-4454-A95E-0D2384EFBBE1}.Ad-Hoc|iPhone.ActiveCfg = Ad-Hoc|iPhone
		{ED92A87C-0BA0-4454-A95E-0D2384EFBBE1}.Ad-Hoc|iPhone.Build.0 = Ad-Hoc|iPhone
		{ED92A87C-0BA0-4454-A95E-0D2384EFBBE1}.Ad-Hoc|iPhoneSimulator.ActiveCfg = Ad-Hoc|iPhoneSimulator
		{ED92A87C-0BA0-4454-A95E-0D2384EFBBE1}.Ad-Hoc|iPhoneSimulator.Build.0 = Ad-Hoc|iPhoneSimulator
		{ED92A87C-0BA0-4454-A95E-0D2384EFBBE1}.Ad-Hoc|x64.ActiveCfg = Ad-Hoc|iPhone
		{ED92A87C-0BA0-4454-A95E-0D2384EFBBE1}.Ad-Hoc|x86.ActiveCfg = Ad-Hoc|iPhone
		{ED92A87C-0BA0-4454-A95E-0D2384EFBBE1}.AppStore|Any CPU.ActiveCfg = AppStore|iPhone
		{ED92A87C-0BA0-4454-A95E-0D2384EFBBE1}.AppStore|ARM.ActiveCfg = AppStore|iPhone
		{ED92A87C-0BA0-4454-A95E-0D2384EFBBE1}.AppStore|iPhone.ActiveCfg = AppStore|iPhone
		{ED92A87C-0BA0-4454-A95E-0D2384EFBBE1}.AppStore|iPhone.Build.0 = AppStore|iPhone
		{ED92A87C-0BA0-4454-A95E-0D2384EFBBE1}.AppStore|iPhoneSimulator.ActiveCfg = AppStore|iPhoneSimulator
		{ED92A87C-0BA0-4454-A95E-0D2384EFBBE1}.AppStore|iPhoneSimulator.Build.0 = AppStore|iPhoneSimulator
		{ED92A87C-0BA0-4454-A95E-0D2384EFBBE1}.AppStore|x64.ActiveCfg = AppStore|iPhone
		{ED92A87C-0BA0-4454-A95E-0D2384EFBBE1}.AppStore|x86.ActiveCfg = AppStore|iPhone
		{ED92A87C-0BA0-4454-A95E-0D2384EFBBE1}.Debug|Any CPU.ActiveCfg = Debug|iPhone
		{ED92A87C-0BA0-4454-A95E-0D2384EFBBE1}.Debug|ARM.ActiveCfg = Debug|iPhone
		{ED92A87C-0BA0-4454-A95E-0D2384EFBBE1}.Debug|iPhone.ActiveCfg = Debug|iPhone
		{ED92A87C-0BA0-4454-A95E-0D2384EFBBE1}.Debug|iPhone.Build.0 = Debug|iPhone
		{ED92A87C-0BA0-4454-A95E-0D2384EFBBE1}.Debug|iPhoneSimulator.ActiveCfg = Debug|iPhoneSimulator
		{ED92A87C-0BA0-4454-A95E-0D2384EFBBE1}.Debug|iPhoneSimulator.Build.0 = Debug|iPhoneSimulator
		{ED92A87C-0BA0-4454-A95E-0D2384EFBBE1}.Debug|x64.ActiveCfg = Debug|iPhone
		{ED92A87C-0BA0-4454-A95E-0D2384EFBBE1}.Debug|x86.ActiveCfg = Debug|iPhone
		{ED92A87C-0BA0-4454-A95E-0D2384EFBBE1}.Release|Any CPU.ActiveCfg = Release|iPhone
		{ED92A87C-0BA0-4454-A95E-0D2384EFBBE1}.Release|ARM.ActiveCfg = Release|iPhone
		{ED92A87C-0BA0-4454-A95E-0D2384EFBBE1}.Release|iPhone.ActiveCfg = Release|iPhone
		{ED92A87C-0BA0-4454-A95E-0D2384EFBBE1}.Release|iPhone.Build.0 = Release|iPhone
		{ED92A87C-0BA0-4454-A95E-0D2384EFBBE1}.Release|iPhoneSimulator.ActiveCfg = Release|iPhoneSimulator
		{ED92A87C-0BA0-4454-A95E-0D2384EFBBE1}.Release|iPhoneSimulator.Build.0 = Release|iPhoneSimulator
		{ED92A87C-0BA0-4454-A95E-0D2384EFBBE1}.Release|x64.ActiveCfg = Release|iPhone
		{ED92A87C-0BA0-4454-A95E-0D2384EFBBE1}.Release|x86.ActiveCfg = Release|iPhone
		{ED92A87C-0BA0-4454-A95E-0D2384EFBBE1}.Ad-Hoc|Any CPU.Build.0 = Ad-Hoc|iPhone
		{ED92A87C-0BA0-4454-A95E-0D2384EFBBE1}.Release|Any CPU.Build.0 = Release|iPhone
		{8265F558-03A5-4723-A568-01C1EC14F911}.Ad-Hoc|Any CPU.ActiveCfg = Release|x86
		{8265F558-03A5-4723-A568-01C1EC14F911}.Ad-Hoc|Any CPU.Build.0 = Release|x86
		{8265F558-03A5-4723-A568-01C1EC14F911}.Ad-Hoc|Any CPU.Deploy.0 = Release|x86
		{8265F558-03A5-4723-A568-01C1EC14F911}.Ad-Hoc|ARM.ActiveCfg = Release|ARM
		{8265F558-03A5-4723-A568-01C1EC14F911}.Ad-Hoc|ARM.Build.0 = Release|ARM
		{8265F558-03A5-4723-A568-01C1EC14F911}.Ad-Hoc|ARM.Deploy.0 = Release|ARM
		{8265F558-03A5-4723-A568-01C1EC14F911}.Ad-Hoc|iPhone.ActiveCfg = Release|x86
		{8265F558-03A5-4723-A568-01C1EC14F911}.Ad-Hoc|iPhone.Build.0 = Release|x86
		{8265F558-03A5-4723-A568-01C1EC14F911}.Ad-Hoc|iPhone.Deploy.0 = Release|x86
		{8265F558-03A5-4723-A568-01C1EC14F911}.Ad-Hoc|iPhoneSimulator.ActiveCfg = Release|x86
		{8265F558-03A5-4723-A568-01C1EC14F911}.Ad-Hoc|iPhoneSimulator.Build.0 = Release|x86
		{8265F558-03A5-4723-A568-01C1EC14F911}.Ad-Hoc|iPhoneSimulator.Deploy.0 = Release|x86
		{8265F558-03A5-4723-A568-01C1EC14F911}.Ad-Hoc|x64.ActiveCfg = Release|x64
		{8265F558-03A5-4723-A568-01C1EC14F911}.Ad-Hoc|x64.Build.0 = Release|x64
		{8265F558-03A5-4723-A568-01C1EC14F911}.Ad-Hoc|x64.Deploy.0 = Release|x64
		{8265F558-03A5-4723-A568-01C1EC14F911}.Ad-Hoc|x86.ActiveCfg = Release|x86
		{8265F558-03A5-4723-A568-01C1EC14F911}.Ad-Hoc|x86.Build.0 = Release|x86
		{8265F558-03A5-4723-A568-01C1EC14F911}.Ad-Hoc|x86.Deploy.0 = Release|x86
		{8265F558-03A5-4723-A568-01C1EC14F911}.AppStore|Any CPU.ActiveCfg = Release|x86
		{8265F558-03A5-4723-A568-01C1EC14F911}.AppStore|Any CPU.Build.0 = Release|x86
		{8265F558-03A5-4723-A568-01C1EC14F911}.AppStore|Any CPU.Deploy.0 = Release|x86
		{8265F558-03A5-4723-A568-01C1EC14F911}.AppStore|ARM.ActiveCfg = Release|ARM
		{8265F558-03A5-4723-A568-01C1EC14F911}.AppStore|ARM.Build.0 = Release|ARM
		{8265F558-03A5-4723-A568-01C1EC14F911}.AppStore|ARM.Deploy.0 = Release|ARM
		{8265F558-03A5-4723-A568-01C1EC14F911}.AppStore|iPhone.ActiveCfg = Release|x86
		{8265F558-03A5-4723-A568-01C1EC14F911}.AppStore|iPhone.Build.0 = Release|x86
		{8265F558-03A5-4723-A568-01C1EC14F911}.AppStore|iPhone.Deploy.0 = Release|x86
		{8265F558-03A5-4723-A568-01C1EC14F911}.AppStore|iPhoneSimulator.ActiveCfg = Release|x86
		{8265F558-03A5-4723-A568-01C1EC14F911}.AppStore|iPhoneSimulator.Build.0 = Release|x86
		{8265F558-03A5-4723-A568-01C1EC14F911}.AppStore|iPhoneSimulator.Deploy.0 = Release|x86
		{8265F558-03A5-4723-A568-01C1EC14F911}.AppStore|x64.ActiveCfg = Release|x64
		{8265F558-03A5-4723-A568-01C1EC14F911}.AppStore|x64.Build.0 = Release|x64
		{8265F558-03A5-4723-A568-01C1EC14F911}.AppStore|x64.Deploy.0 = Release|x64
		{8265F558-03A5-4723-A568-01C1EC14F911}.AppStore|x86.ActiveCfg = Release|x86
		{8265F558-03A5-4723-A568-01C1EC14F911}.AppStore|x86.Build.0 = Release|x86
		{8265F558-03A5-4723-A568-01C1EC14F911}.AppStore|x86.Deploy.0 = Release|x86
		{8265F558-03A5-4723-A568-01C1EC14F911}.Debug|Any CPU.ActiveCfg = Debug|x86
		{8265F558-03A5-4723-A568-01C1EC14F911}.Debug|Any CPU.Build.0 = Debug|x86
		{8265F558-03A5-4723-A568-01C1EC14F911}.Debug|Any CPU.Deploy.0 = Debug|x86
		{8265F558-03A5-4723-A568-01C1EC14F911}.Debug|ARM.ActiveCfg = Debug|ARM
		{8265F558-03A5-4723-A568-01C1EC14F911}.Debug|ARM.Build.0 = Debug|ARM
		{8265F558-03A5-4723-A568-01C1EC14F911}.Debug|ARM.Deploy.0 = Debug|ARM
		{8265F558-03A5-4723-A568-01C1EC14F911}.Debug|iPhone.ActiveCfg = Debug|x86
		{8265F558-03A5-4723-A568-01C1EC14F911}.Debug|iPhoneSimulator.ActiveCfg = Debug|x86
		{8265F558-03A5-4723-A568-01C1EC14F911}.Debug|x64.ActiveCfg = Debug|x64
		{8265F558-03A5-4723-A568-01C1EC14F911}.Debug|x64.Build.0 = Debug|x64
		{8265F558-03A5-4723-A568-01C1EC14F911}.Debug|x64.Deploy.0 = Debug|x64
		{8265F558-03A5-4723-A568-01C1EC14F911}.Debug|x86.ActiveCfg = Debug|x86
		{8265F558-03A5-4723-A568-01C1EC14F911}.Debug|x86.Build.0 = Debug|x86
		{8265F558-03A5-4723-A568-01C1EC14F911}.Debug|x86.Deploy.0 = Debug|x86
		{8265F558-03A5-4723-A568-01C1EC14F911}.Release|Any CPU.ActiveCfg = Release|x86
		{8265F558-03A5-4723-A568-01C1EC14F911}.Release|ARM.ActiveCfg = Release|ARM
		{8265F558-03A5-4723-A568-01C1EC14F911}.Release|ARM.Build.0 = Release|ARM
		{8265F558-03A5-4723-A568-01C1EC14F911}.Release|ARM.Deploy.0 = Release|ARM
		{8265F558-03A5-4723-A568-01C1EC14F911}.Release|iPhone.ActiveCfg = Release|x86
		{8265F558-03A5-4723-A568-01C1EC14F911}.Release|iPhoneSimulator.ActiveCfg = Release|x86
		{8265F558-03A5-4723-A568-01C1EC14F911}.Release|x64.ActiveCfg = Release|x64
		{8265F558-03A5-4723-A568-01C1EC14F911}.Release|x64.Build.0 = Release|x64
		{8265F558-03A5-4723-A568-01C1EC14F911}.Release|x64.Deploy.0 = Release|x64
		{8265F558-03A5-4723-A568-01C1EC14F911}.Release|x86.ActiveCfg = Release|x86
		{8265F558-03A5-4723-A568-01C1EC14F911}.Release|x86.Build.0 = Release|x86
		{8265F558-03A5-4723-A568-01C1EC14F911}.Release|x86.Deploy.0 = Release|x86
	EndGlobalSection
	GlobalSection(SolutionProperties) = preSolution
		HideSolutionNode = FALSE
	EndGlobalSection
EndGlobal
